name: Block DB Migrations

on:
  push:

jobs:
  block-db-migrations:
    runs-on: ubuntu-latest
    steps:
      - name: Get changed files
        id: changed-files
        uses: tj-actions/changed-files@v37

      - name: List all changed files
        run: |
          for file in ${{ steps.changed-files.outputs.all_changed_files }}; do
            if grep 'db/migrate/' <<< "$file" > /dev/null; then
              echo "Migrations found."
              exit 1
            else
              echo "No migrations found."
            fi          
          done
